
Microsoft Visual Studio Solution File, Format Version 12.00
# Visual Studio Version 16
VisualStudioVersion = 16.0.31424.327
MinimumVisualStudioVersion = 10.0.40219.1
Project("{FAE04EC0-301F-11D3-BF4B-00C04F79EFBC}") = "AsistanApp.Domain", "AsistanApp.Domain\AsistanApp.Domain.csproj", "{A10CB90B-B5C9-4CBC-AEA9-1D4AC3E299C6}"
EndProject
Project("{FAE04EC0-301F-11D3-BF4B-00C04F79EFBC}") = "AsistanApp.Infrastructure", "AsistanApp.Infrastructure\AsistanApp.Infrastructure.csproj", "{8D65F33E-51C8-4059-837C-4E314E9B47FA}"
EndProject
Project("{FAE04EC0-301F-11D3-BF4B-00C04F79EFBC}") = "AsistanApp.DataAPI", "AsistanApp.DataAPI\AsistanApp.DataAPI.csproj", "{F87C25D2-D670-406E-AB1F-EC4A7A1E84EF}"
EndProject
Project("{FAE04EC0-301F-11D3-BF4B-00C04F79EFBC}") = "AsistanApp.WebUI", "AsistanApp.WebUI\AsistanApp.WebUI.csproj", "{6F83E66B-796F-445E-9999-D594A67670DE}"
EndProject
Project("{FAE04EC0-301F-11D3-BF4B-00C04F79EFBC}") = "AsistanApp.BankAPI", "AsistanApp.BankAPI\AsistanApp.BankAPI.csproj", "{A64C54BB-8A1E-40B8-AB90-0D04B54FC5F1}"
EndProject
Global
	GlobalSection(SolutionConfigurationPlatforms) = preSolution
		Debug|Any CPU = Debug|Any CPU
		Release|Any CPU = Release|Any CPU
	EndGlobalSection
	GlobalSection(ProjectConfigurationPlatforms) = postSolution
		{A10CB90B-B5C9-4CBC-AEA9-1D4AC3E299C6}.Debug|Any CPU.ActiveCfg = Debug|Any CPU
		{A10CB90B-B5C9-4CBC-AEA9-1D4AC3E299C6}.Debug|Any CPU.Build.0 = Debug|Any CPU
		{A10CB90B-B5C9-4CBC-AEA9-1D4AC3E299C6}.Release|Any CPU.ActiveCfg = Release|Any CPU
		{A10CB90B-B5C9-4CBC-AEA9-1D4AC3E299C6}.Release|Any CPU.Build.0 = Release|Any CPU
		{8D65F33E-51C8-4059-837C-4E314E9B47FA}.Debug|Any CPU.ActiveCfg = Debug|Any CPU
		{8D65F33E-51C8-4059-837C-4E314E9B47FA}.Debug|Any CPU.Build.0 = Debug|Any CPU
		{8D65F33E-51C8-4059-837C-4E314E9B47FA}.Release|Any CPU.ActiveCfg = Release|Any CPU
		{8D65F33E-51C8-4059-837C-4E314E9B47FA}.Release|Any CPU.Build.0 = Release|Any CPU
		{F87C25D2-D670-406E-AB1F-EC4A7A1E84EF}.Debug|Any CPU.ActiveCfg = Debug|Any CPU
		{F87C25D2-D670-406E-AB1F-EC4A7A1E84EF}.Debug|Any CPU.Build.0 = Debug|Any CPU
		{F87C25D2-D670-406E-AB1F-EC4A7A1E84EF}.Release|Any CPU.ActiveCfg = Release|Any CPU
		{F87C25D2-D670-406E-AB1F-EC4A7A1E84EF}.Release|Any CPU.Build.0 = Release|Any CPU
		{6F83E66B-796F-445E-9999-D594A67670DE}.Debug|Any CPU.ActiveCfg = Debug|Any CPU
		{6F83E66B-796F-445E-9999-D594A67670DE}.Debug|Any CPU.Build.0 = Debug|Any CPU
		{6F83E66B-796F-445E-9999-D594A67670DE}.Release|Any CPU.ActiveCfg = Release|Any CPU
		{6F83E66B-796F-445E-9999-D594A67670DE}.Release|Any CPU.Build.0 = Release|Any CPU
		{A64C54BB-8A1E-40B8-AB90-0D04B54FC5F1}.Debug|Any CPU.ActiveCfg = Debug|Any CPU
		{A64C54BB-8A1E-40B8-AB90-0D04B54FC5F1}.Debug|Any CPU.Build.0 = Debug|Any CPU
		{A64C54BB-8A1E-40B8-AB90-0D04B54FC5F1}.Release|Any CPU.ActiveCfg = Release|Any CPU
		{A64C54BB-8A1E-40B8-AB90-0D04B54FC5F1}.Release|Any CPU.Build.0 = Release|Any CPU
	EndGlobalSection
	GlobalSection(SolutionProperties) = preSolution
		HideSolutionNode = FALSE
	EndGlobalSection
	GlobalSection(ExtensibilityGlobals) = postSolution
		SolutionGuid = {E74B916E-C2D1-4220-BB0D-77FCA3E49E34}
	EndGlobalSection
EndGlobal
